
Microsoft Visual Studio Solution File, Format Version 12.00
# Visual Studio Version 17
VisualStudioVersion = 17.9.34714.143
MinimumVisualStudioVersion = 10.0.40219.1
Project("{9A19103F-16F7-4668-BE54-9A1E7A4F7556}") = "LessonOop", "LessonOop\LessonOop.csproj", "{1E512FD1-98EF-46A7-96A2-B4FCE5B77BC4}"
EndProject
Project("{9A19103F-16F7-4668-BE54-9A1E7A4F7556}") = "NetApp", "NetApp\NetApp.csproj", "{109727FF-DE89-4ECE-A8FE-C2772F953261}"
EndProject
Project("{9A19103F-16F7-4668-BE54-9A1E7A4F7556}") = "NetAppClient", "NetAppClient\NetAppClient.csproj", "{C962596E-9B89-482E-94E1-645E9BEB0D86}"
EndProject
Project("{9A19103F-16F7-4668-BE54-9A1E7A4F7556}") = "ChatServer", "ChatServer\ChatServer.csproj", "{C80AACB1-21E4-4A3A-A934-75B8A78A3837}"
EndProject
Project("{9A19103F-16F7-4668-BE54-9A1E7A4F7556}") = "ChatClient", "ChatClient\ChatClient.csproj", "{F423AF03-595D-4253-ACC7-B8D85D27E786}"
EndProject
Project("{2150E333-8FDC-42A3-9474-1A3956D46DE8}") = "Chat", "Chat", "{0EAC8C52-311C-43A6-9C1D-08BB75661798}"
EndProject
Project("{2150E333-8FDC-42A3-9474-1A3956D46DE8}") = "Patterns", "Patterns", "{66941995-C60D-4E55-9556-F361C7B4722F}"
EndProject
Project("{9A19103F-16F7-4668-BE54-9A1E7A4F7556}") = "Chat", "Chat\Chat.csproj", "{947F94FD-25A1-4655-B2AE-E5A1E742862D}"
EndProject
Project("{2150E333-8FDC-42A3-9474-1A3956D46DE8}") = "Web", "Web", "{414BA0DA-A80A-4FED-8D4A-E59040738EA2}"
EndProject
Project("{9A19103F-16F7-4668-BE54-9A1E7A4F7556}") = "Web", "Web\Web.csproj", "{F2F25F4E-DAEF-4E5A-962F-DFDAD7F47BEB}"
EndProject
Project("{FAE04EC0-301F-11D3-BF4B-00C04F79EFBC}") = "WebGraph", "WebGraph\WebGraph.csproj", "{1B2B96F9-94EA-4C32-A60F-A0B1A477A25B}"
EndProject
Global
	GlobalSection(SolutionConfigurationPlatforms) = preSolution
		Debug|Any CPU = Debug|Any CPU
		Release|Any CPU = Release|Any CPU
	EndGlobalSection
	GlobalSection(ProjectConfigurationPlatforms) = postSolution
		{1E512FD1-98EF-46A7-96A2-B4FCE5B77BC4}.Debug|Any CPU.ActiveCfg = Debug|Any CPU
		{1E512FD1-98EF-46A7-96A2-B4FCE5B77BC4}.Debug|Any CPU.Build.0 = Debug|Any CPU
		{1E512FD1-98EF-46A7-96A2-B4FCE5B77BC4}.Release|Any CPU.ActiveCfg = Release|Any CPU
		{1E512FD1-98EF-46A7-96A2-B4FCE5B77BC4}.Release|Any CPU.Build.0 = Release|Any CPU
		{109727FF-DE89-4ECE-A8FE-C2772F953261}.Debug|Any CPU.ActiveCfg = Debug|Any CPU
		{109727FF-DE89-4ECE-A8FE-C2772F953261}.Debug|Any CPU.Build.0 = Debug|Any CPU
		{109727FF-DE89-4ECE-A8FE-C2772F953261}.Release|Any CPU.ActiveCfg = Release|Any CPU
		{109727FF-DE89-4ECE-A8FE-C2772F953261}.Release|Any CPU.Build.0 = Release|Any CPU
		{C962596E-9B89-482E-94E1-645E9BEB0D86}.Debug|Any CPU.ActiveCfg = Debug|Any CPU
		{C962596E-9B89-482E-94E1-645E9BEB0D86}.Debug|Any CPU.Build.0 = Debug|Any CPU
		{C962596E-9B89-482E-94E1-645E9BEB0D86}.Release|Any CPU.ActiveCfg = Release|Any CPU
		{C962596E-9B89-482E-94E1-645E9BEB0D86}.Release|Any CPU.Build.0 = Release|Any CPU
		{C80AACB1-21E4-4A3A-A934-75B8A78A3837}.Debug|Any CPU.ActiveCfg = Debug|Any CPU
		{C80AACB1-21E4-4A3A-A934-75B8A78A3837}.Debug|Any CPU.Build.0 = Debug|Any CPU
		{C80AACB1-21E4-4A3A-A934-75B8A78A3837}.Release|Any CPU.ActiveCfg = Release|Any CPU
		{C80AACB1-21E4-4A3A-A934-75B8A78A3837}.Release|Any CPU.Build.0 = Release|Any CPU
		{F423AF03-595D-4253-ACC7-B8D85D27E786}.Debug|Any CPU.ActiveCfg = Debug|Any CPU
		{F423AF03-595D-4253-ACC7-B8D85D27E786}.Debug|Any CPU.Build.0 = Debug|Any CPU
		{F423AF03-595D-4253-ACC7-B8D85D27E786}.Release|Any CPU.ActiveCfg = Release|Any CPU
		{F423AF03-595D-4253-ACC7-B8D85D27E786}.Release|Any CPU.Build.0 = Release|Any CPU
		{947F94FD-25A1-4655-B2AE-E5A1E742862D}.Debug|Any CPU.ActiveCfg = Debug|Any CPU
		{947F94FD-25A1-4655-B2AE-E5A1E742862D}.Debug|Any CPU.Build.0 = Debug|Any CPU
		{947F94FD-25A1-4655-B2AE-E5A1E742862D}.Release|Any CPU.ActiveCfg = Release|Any CPU
		{947F94FD-25A1-4655-B2AE-E5A1E742862D}.Release|Any CPU.Build.0 = Release|Any CPU
		{F2F25F4E-DAEF-4E5A-962F-DFDAD7F47BEB}.Debug|Any CPU.ActiveCfg = Debug|Any CPU
		{F2F25F4E-DAEF-4E5A-962F-DFDAD7F47BEB}.Debug|Any CPU.Build.0 = Debug|Any CPU
		{F2F25F4E-DAEF-4E5A-962F-DFDAD7F47BEB}.Release|Any CPU.ActiveCfg = Release|Any CPU
		{F2F25F4E-DAEF-4E5A-962F-DFDAD7F47BEB}.Release|Any CPU.Build.0 = Release|Any CPU
		{1B2B96F9-94EA-4C32-A60F-A0B1A477A25B}.Debug|Any CPU.ActiveCfg = Debug|Any CPU
		{1B2B96F9-94EA-4C32-A60F-A0B1A477A25B}.Debug|Any CPU.Build.0 = Debug|Any CPU
		{1B2B96F9-94EA-4C32-A60F-A0B1A477A25B}.Release|Any CPU.ActiveCfg = Release|Any CPU
		{1B2B96F9-94EA-4C32-A60F-A0B1A477A25B}.Release|Any CPU.Build.0 = Release|Any CPU
	EndGlobalSection
	GlobalSection(SolutionProperties) = preSolution
		HideSolutionNode = FALSE
	EndGlobalSection
	GlobalSection(NestedProjects) = preSolution
		{C80AACB1-21E4-4A3A-A934-75B8A78A3837} = {0EAC8C52-311C-43A6-9C1D-08BB75661798}
		{F423AF03-595D-4253-ACC7-B8D85D27E786} = {0EAC8C52-311C-43A6-9C1D-08BB75661798}
		{66941995-C60D-4E55-9556-F361C7B4722F} = {0EAC8C52-311C-43A6-9C1D-08BB75661798}
		{947F94FD-25A1-4655-B2AE-E5A1E742862D} = {66941995-C60D-4E55-9556-F361C7B4722F}
		{F2F25F4E-DAEF-4E5A-962F-DFDAD7F47BEB} = {414BA0DA-A80A-4FED-8D4A-E59040738EA2}
		{1B2B96F9-94EA-4C32-A60F-A0B1A477A25B} = {414BA0DA-A80A-4FED-8D4A-E59040738EA2}
	EndGlobalSection
	GlobalSection(ExtensibilityGlobals) = postSolution
		SolutionGuid = {129B0CFA-F81B-4B3C-9C66-8D357DB7B84B}
	EndGlobalSection
EndGlobal
